
Microsoft Visual Studio Solution File, Format Version 12.00
# Visual Studio Version 16
VisualStudioVersion = 16.0.29728.190
MinimumVisualStudioVersion = 10.0.40219.1
Project("{FAE04EC0-301F-11D3-BF4B-00C04F79EFBC}") = "Test3.1", "Test3.1\Test3.1.csproj", "{A7DBA9AD-0804-4762-8CE9-99C446A09674}"
EndProject
Global
	GlobalSection(SolutionConfigurationPlatforms) = preSolution
		Debug|Any CPU = Debug|Any CPU
		Release|Any CPU = Release|Any CPU
	EndGlobalSection
	GlobalSection(ProjectConfigurationPlatforms) = postSolution
		{A7DBA9AD-0804-4762-8CE9-99C446A09674}.Debug|Any CPU.ActiveCfg = Debug|Any CPU
		{A7DBA9AD-0804-4762-8CE9-99C446A09674}.Debug|Any CPU.Build.0 = Debug|Any CPU
		{A7DBA9AD-0804-4762-8CE9-99C446A09674}.Release|Any CPU.ActiveCfg = Release|Any CPU
		{A7DBA9AD-0804-4762-8CE9-99C446A09674}.Release|Any CPU.Build.0 = Release|Any CPU
	EndGlobalSection
	GlobalSection(SolutionProperties) = preSolution
		HideSolutionNode = FALSE
	EndGlobalSection
	GlobalSection(ExtensibilityGlobals) = postSolution
		SolutionGuid = {B155F983-10B2-418C-8FF2-2943364FCBBC}
	EndGlobalSection
EndGlobal
